
Microsoft Visual Studio Solution File, Format Version 12.00
Project("{FAE04EC0-301F-11D3-BF4B-00C04F79EFBC}") = "Sprint-Service", "Sprint-Service\Sprint-Service.csproj", "{D42F70F3-F4BB-420E-A216-32F60D9159CC}"
EndProject
Project("{FAE04EC0-301F-11D3-BF4B-00C04F79EFBC}") = "Tests", "Tests\Tests.csproj", "{B8F551E5-9F29-4C13-83D3-D48E0F3171DE}"
EndProject
Global
	GlobalSection(SolutionConfigurationPlatforms) = preSolution
		Debug|Any CPU = Debug|Any CPU
		Release|Any CPU = Release|Any CPU
	EndGlobalSection
	GlobalSection(ProjectConfigurationPlatforms) = postSolution
		{D42F70F3-F4BB-420E-A216-32F60D9159CC}.Debug|Any CPU.ActiveCfg = Debug|Any CPU
		{D42F70F3-F4BB-420E-A216-32F60D9159CC}.Debug|Any CPU.Build.0 = Debug|Any CPU
		{D42F70F3-F4BB-420E-A216-32F60D9159CC}.Release|Any CPU.ActiveCfg = Release|Any CPU
		{D42F70F3-F4BB-420E-A216-32F60D9159CC}.Release|Any CPU.Build.0 = Release|Any CPU
		{B8F551E5-9F29-4C13-83D3-D48E0F3171DE}.Debug|Any CPU.ActiveCfg = Debug|Any CPU
		{B8F551E5-9F29-4C13-83D3-D48E0F3171DE}.Debug|Any CPU.Build.0 = Debug|Any CPU
		{B8F551E5-9F29-4C13-83D3-D48E0F3171DE}.Release|Any CPU.ActiveCfg = Release|Any CPU
		{B8F551E5-9F29-4C13-83D3-D48E0F3171DE}.Release|Any CPU.Build.0 = Release|Any CPU
	EndGlobalSection
EndGlobal
